
Microsoft Visual Studio Solution File, Format Version 12.00
# Visual Studio Version 17
VisualStudioVersion = 17.0.31903.59
MinimumVisualStudioVersion = 10.0.40219.1
Project("{FAE04EC0-301F-11D3-BF4B-00C04F79EFBC}") = "Bannister", "Bannister\Bannister.csproj", "{1B986EC0-82AA-46AA-AA03-B672043EAD6C}"
EndProject
Global
	GlobalSection(SolutionConfigurationPlatforms) = preSolution
		Debug|Any CPU = Debug|Any CPU
		Debug|x64 = Debug|x64
		Release|Any CPU = Release|Any CPU
		Release|x64 = Release|x64
	EndGlobalSection
	GlobalSection(ProjectConfigurationPlatforms) = postSolution
		{1B986EC0-82AA-46AA-AA03-B672043EAD6C}.Debug|Any CPU.ActiveCfg = Debug|Any CPU
		{1B986EC0-82AA-46AA-AA03-B672043EAD6C}.Debug|Any CPU.Build.0 = Debug|Any CPU
		{1B986EC0-82AA-46AA-AA03-B672043EAD6C}.Debug|x64.ActiveCfg = Debug|x64
		{1B986EC0-82AA-46AA-AA03-B672043EAD6C}.Debug|x64.Build.0 = Debug|x64
		{1B986EC0-82AA-46AA-AA03-B672043EAD6C}.Debug|x64.Deploy.0 = Debug|x64
		{1B986EC0-82AA-46AA-AA03-B672043EAD6C}.Release|Any CPU.ActiveCfg = Release|Any CPU
		{1B986EC0-82AA-46AA-AA03-B672043EAD6C}.Release|Any CPU.Build.0 = Release|Any CPU
		{1B986EC0-82AA-46AA-AA03-B672043EAD6C}.Release|x64.ActiveCfg = Release|x64
		{1B986EC0-82AA-46AA-AA03-B672043EAD6C}.Release|x64.Build.0 = Release|x64
		{1B986EC0-82AA-46AA-AA03-B672043EAD6C}.Release|x64.Deploy.0 = Release|x64
	EndGlobalSection
	GlobalSection(SolutionProperties) = preSolution
		HideSolutionNode = FALSE
	EndGlobalSection
EndGlobal
